
Microsoft Visual Studio Solution File, Format Version 12.00
# Visual Studio 15
VisualStudioVersion = 15.0.26430.15
MinimumVisualStudioVersion = 10.0.40219.1
Project("{FAE04EC0-301F-11D3-BF4B-00C04F79EFBC}") = "Obtifier.Demo", "Obtifier.Demo\Obtifier.Demo.csproj", "{540FE241-E9A4-473D-8B89-95C2A2A86452}"
EndProject
Project("{FAE04EC0-301F-11D3-BF4B-00C04F79EFBC}") = "Obtifier.Infrastructure", "Obtifier.Infrastructure\Obtifier.Infrastructure.csproj", "{2A3DA92F-76E1-4565-A0BA-524D8B449B10}"
EndProject
Project("{FAE04EC0-301F-11D3-BF4B-00C04F79EFBC}") = "Obtifier.Domain", "Obtifier.Domain\Obtifier.Domain.csproj", "{20EF9117-FBD6-4D41-85F1-41C21EBB326B}"
EndProject
Project("{FAE04EC0-301F-11D3-BF4B-00C04F79EFBC}") = "Obtifier.Application", "Obtifier.Application\Obtifier.Application.csproj", "{BE1F3E65-C2D5-4708-BE02-AB077E878A94}"
EndProject
Global
	GlobalSection(SolutionConfigurationPlatforms) = preSolution
		Debug|Any CPU = Debug|Any CPU
		Release|Any CPU = Release|Any CPU
	EndGlobalSection
	GlobalSection(ProjectConfigurationPlatforms) = postSolution
		{540FE241-E9A4-473D-8B89-95C2A2A86452}.Debug|Any CPU.ActiveCfg = Debug|Any CPU
		{540FE241-E9A4-473D-8B89-95C2A2A86452}.Debug|Any CPU.Build.0 = Debug|Any CPU
		{540FE241-E9A4-473D-8B89-95C2A2A86452}.Release|Any CPU.ActiveCfg = Release|Any CPU
		{540FE241-E9A4-473D-8B89-95C2A2A86452}.Release|Any CPU.Build.0 = Release|Any CPU
		{2A3DA92F-76E1-4565-A0BA-524D8B449B10}.Debug|Any CPU.ActiveCfg = Debug|Any CPU
		{2A3DA92F-76E1-4565-A0BA-524D8B449B10}.Debug|Any CPU.Build.0 = Debug|Any CPU
		{2A3DA92F-76E1-4565-A0BA-524D8B449B10}.Release|Any CPU.ActiveCfg = Release|Any CPU
		{2A3DA92F-76E1-4565-A0BA-524D8B449B10}.Release|Any CPU.Build.0 = Release|Any CPU
		{20EF9117-FBD6-4D41-85F1-41C21EBB326B}.Debug|Any CPU.ActiveCfg = Debug|Any CPU
		{20EF9117-FBD6-4D41-85F1-41C21EBB326B}.Debug|Any CPU.Build.0 = Debug|Any CPU
		{20EF9117-FBD6-4D41-85F1-41C21EBB326B}.Release|Any CPU.ActiveCfg = Release|Any CPU
		{20EF9117-FBD6-4D41-85F1-41C21EBB326B}.Release|Any CPU.Build.0 = Release|Any CPU
		{BE1F3E65-C2D5-4708-BE02-AB077E878A94}.Debug|Any CPU.ActiveCfg = Debug|Any CPU
		{BE1F3E65-C2D5-4708-BE02-AB077E878A94}.Debug|Any CPU.Build.0 = Debug|Any CPU
		{BE1F3E65-C2D5-4708-BE02-AB077E878A94}.Release|Any CPU.ActiveCfg = Release|Any CPU
		{BE1F3E65-C2D5-4708-BE02-AB077E878A94}.Release|Any CPU.Build.0 = Release|Any CPU
	EndGlobalSection
	GlobalSection(SolutionProperties) = preSolution
		HideSolutionNode = FALSE
	EndGlobalSection
EndGlobal
